<?xml version="1.0" encoding="utf-8"?>
<Project ToolsVersion="4.0" xmlns="http://schemas.microsoft.com/developer/msbuild/2003">
  <ItemGroup>
    <Filter Include="소스 파일">
      <UniqueIdentifier>{4FC737F1-C7A5-4376-A066-2A32D752A2FF}</UniqueIdentifier>
      <Extensions>cpp;c;cc;cxx;c++;cppm;ixx;def;odl;idl;hpj;bat;asm;asmx</Extensions>
    </Filter>
    <Filter Include="BST">
      <UniqueIdentifier>{1e06c8b4-45c0-48cf-b908-c53bfd77fdde}</UniqueIdentifier>
    </Filter>
    <Filter Include="RedBlackTree">
      <UniqueIdentifier>{9b0e7c18-6236-458b-a945-bb1b8238b189}</UniqueIdentifier>
    </Filter>
    <Filter Include="Sort">
      <UniqueIdentifier>{6ad5f703-7b88-4c13-94c0-ea32f4dc606c}</UniqueIdentifier>
    </Filter>
  </ItemGroup>
  <ItemGroup>
    <ClCompile Include="Algorithm_R.cpp">
      <Filter>소스 파일</Filter>
    </ClCompile>
    <ClCompile Include="DFS_Test1.cpp">
      <Filter>소스 파일</Filter>
    </ClCompile>
    <ClCompile Include="BFS_Test1.cpp">
      <Filter>소스 파일</Filter>
    </ClCompile>
    <ClCompile Include="P.cpp">
      <Filter>소스 파일</Filter>
    </ClCompile>
    <ClCompile Include="PriorityQueue.cpp">
      <Filter>소스 파일</Filter>
    </ClCompile>
    <ClCompile Include="RedBlackTree.cpp">
      <Filter>RedBlackTree</Filter>
    </ClCompile>
    <ClCompile Include="Bst.cpp">
      <Filter>BST</Filter>
    </ClCompile>
  </ItemGroup>
  <ItemGroup>
    <ClInclude Include="RedBlackTree.h">
      <Filter>RedBlackTree</Filter>
    </ClInclude>
    <ClInclude Include="Bst.h">
      <Filter>BST</Filter>
    </ClInclude>
  </ItemGroup>
</Project>